# This file is autogenerated, do not edit; changes may be undone by the next 'dep ensure'.


[[projects]]
  name = "github.com/gorilla/context"
  packages = ["."]
  revision = "1ea25387ff6f684839d82767c1733ff4d4d15d0a"
  version = "v1.1"

[[projects]]
  name = "github.com/gorilla/handlers"
  packages = ["."]
  revision = "a4043c62cc2329bacda331d33fc908ab11ef0ec3"
  version = "v1.2.1"

[[projects]]
  name = "github.com/gorilla/mux"
  packages = ["."]
  revision = "bcd8bc72b08df0f70df986b97f95590779502d31"
  version = "v1.4.0"

[[projects]]
  branch = "master"
  name = "github.com/slovnik/seznam"
  packages = ["."]
  revision = "0ae18bd1764a94907b66a95c71d94a0311cc72a8"

[[projects]]
  branch = "master"
  name = "github.com/slovnik/slovnik"
  packages = ["."]
  revision = "443029432bd8cc880c795db39bcfea151548dc98"

[[projects]]
  branch = "master"
  name = "golang.org/x/net"
  packages = ["html","html/atom"]
  revision = "48359f4f600b3a2d5cf657458e3f940021631a56"

[solve-meta]
  analyzer-name = "dep"
  analyzer-version = 1
  inputs-digest = "dbc621794892c13dec82a0057fcda8e5b0994d6921361beed802fec371a861dd"
  solver-name = "gps-cdcl"
  solver-version = 1
