# This file is autogenerated, do not edit; changes may be undone by the next 'dep ensure'.


[[projects]]
  name = "github.com/gorilla/context"
  packages = ["."]
  revision = "1ea25387ff6f684839d82767c1733ff4d4d15d0a"
  version = "v1.1"

[[projects]]
  name = "github.com/gorilla/handlers"
  packages = ["."]
  revision = "a4043c62cc2329bacda331d33fc908ab11ef0ec3"
  version = "v1.2.1"

[[projects]]
  name = "github.com/gorilla/mux"
  packages = ["."]
  revision = "bcd8bc72b08df0f70df986b97f95590779502d31"
  version = "v1.4.0"

[[projects]]
  branch = "master"
  name = "github.com/slovnik/seznam"
  packages = ["."]
  revision = "2ed1894188e2af8f1117d793a60902a13e03edfd"

[[projects]]
  branch = "master"
  name = "github.com/slovnik/slovnik"
  packages = ["."]
  revision = "792eef8ff45372dfed10840346944d80a39ce426"

[[projects]]
  branch = "master"
  name = "golang.org/x/net"
  packages = ["html","html/atom"]
  revision = "dfe83d419c9403b40b19d08cdba2afec27b002f7"

[solve-meta]
  analyzer-name = "dep"
  analyzer-version = 1
  inputs-digest = "dbc621794892c13dec82a0057fcda8e5b0994d6921361beed802fec371a861dd"
  solver-name = "gps-cdcl"
  solver-version = 1
